// !$*UTF8*$!
{
	archiveVersion = 1;
	classes = {
	};
	objectVersion = 48;
	objects = {

/* Begin PBXBuildFile section */
		C05A86831F78ED0900A356D2 /* AppDelegate.swift in Sources */ = {isa = PBXBuildFile; fileRef = C05A86821F78ED0900A356D2 /* AppDelegate.swift */; };
		C05A86851F78ED0900A356D2 /* ViewController.swift in Sources */ = {isa = PBXBuildFile; fileRef = C05A86841F78ED0900A356D2 /* ViewController.swift */; };
		C05A86881F78ED0900A356D2 /* Main.storyboard in Resources */ = {isa = PBXBuildFile; fileRef = C05A86861F78ED0900A356D2 /* Main.storyboard */; };
		C05A868A1F78ED0900A356D2 /* Assets.xcassets in Resources */ = {isa = PBXBuildFile; fileRef = C05A86891F78ED0900A356D2 /* Assets.xcassets */; };
		C05A868D1F78ED0900A356D2 /* LaunchScreen.storyboard in Resources */ = {isa = PBXBuildFile; fileRef = C05A868B1F78ED0900A356D2 /* LaunchScreen.storyboard */; };
		C05A86981F78ED0A00A356D2 /* NimberBringerTests.swift in Sources */ = {isa = PBXBuildFile; fileRef = C05A86971F78ED0A00A356D2 /* NimberBringerTests.swift */; };
		C05A86A31F78ED0A00A356D2 /* NimberBringerUITests.swift in Sources */ = {isa = PBXBuildFile; fileRef = C05A86A21F78ED0A00A356D2 /* NimberBringerUITests.swift */; };
/* End PBXBuildFile section */

/* Begin PBXContainerItemProxy section */
		C05A86941F78ED0A00A356D2 /* PBXContainerItemProxy */ = {
			isa = PBXContainerItemProxy;
			containerPortal = C05A86771F78ED0900A356D2 /* Project object */;
			proxyType = 1;
			remoteGlobalIDString = C05A867E1F78ED0900A356D2;
			remoteInfo = NimberBringer;
		};
		C05A869F1F78ED0A00A356D2 /* PBXContainerItemProxy */ = {
			isa = PBXContainerItemProxy;
			containerPortal = C05A86771F78ED0900A356D2 /* Project object */;
			proxyType = 1;
			remoteGlobalIDString = C05A867E1F78ED0900A356D2;
			remoteInfo = NimberBringer;
		};
/* End PBXContainerItemProxy section */

/* Begin PBXFileReference section */
		C05A867F1F78ED0900A356D2 /* NimberBringer.app */ = {isa = PBXFileReference; explicitFileType = wrapper.application; includeInIndex = 0; path = NimberBringer.app; sourceTree = BUILT_PRODUCTS_DIR; };
		C05A86821F78ED0900A356D2 /* AppDelegate.swift */ = {isa = PBXFileReference; lastKnownFileType = sourcecode.swift; path = AppDelegate.swift; sourceTree = "<group>"; };
		C05A86841F78ED0900A356D2 /* ViewController.swift */ = {isa = PBXFileReference; lastKnownFileType = sourcecode.swift; path = ViewController.swift; sourceTree = "<group>"; };
		C05A86871F78ED0900A356D2 /* Base */ = {isa = PBXFileReference; lastKnownFileType = file.storyboard; name = Base; path = Base.lproj/Main.storyboard; sourceTree = "<group>"; };
		C05A86891F78ED0900A356D2 /* Assets.xcassets */ = {isa = PBXFileReference; lastKnownFileType = folder.assetcatalog; path = Assets.xcassets; sourceTree = "<group>"; };
		C05A868C1F78ED0900A356D2 /* Base */ = {isa = PBXFileReference; lastKnownFileType = file.storyboard; name = Base; path = Base.lproj/LaunchScreen.storyboard; sourceTree = "<group>"; };
		C05A868E1F78ED0900A356D2 /* Info.plist */ = {isa = PBXFileReference; lastKnownFileType = text.plist.xml; path = Info.plist; sourceTree = "<group>"; };
		C05A86931F78ED0A00A356D2 /* NimberBringerTests.xctest */ = {isa = PBXFileReference; explicitFileType = wrapper.cfbundle; includeInIndex = 0; path = NimberBringerTests.xctest; sourceTree = BUILT_PRODUCTS_DIR; };
		C05A86971F78ED0A00A356D2 /* NimberBringerTests.swift */ = {isa = PBXFileReference; lastKnownFileType = sourcecode.swift; path = NimberBringerTests.swift; sourceTree = "<group>"; };
		C05A86991F78ED0A00A356D2 /* Info.plist */ = {isa = PBXFileReference; lastKnownFileType = text.plist.xml; path = Info.plist; sourceTree = "<group>"; };
		C05A869E1F78ED0A00A356D2 /* NimberBringerUITests.xctest */ = {isa = PBXFileReference; explicitFileType = wrapper.cfbundle; includeInIndex = 0; path = NimberBringerUITests.xctest; sourceTree = BUILT_PRODUCTS_DIR; };
		C05A86A21F78ED0A00A356D2 /* NimberBringerUITests.swift */ = {isa = PBXFileReference; lastKnownFileType = sourcecode.swift; path = NimberBringerUITests.swift; sourceTree = "<group>"; };
		C05A86A41F78ED0A00A356D2 /* Info.plist */ = {isa = PBXFileReference; lastKnownFileType = text.plist.xml; path = Info.plist; sourceTree = "<group>"; };
/* End PBXFileReference section */

/* Begin PBXFrameworksBuildPhase section */
		C05A867C1F78ED0900A356D2 /* Frameworks */ = {
			isa = PBXFrameworksBuildPhase;
			buildActionMask = 2147483647;
			files = (
			);
			runOnlyForDeploymentPostprocessing = 0;
		};
		C05A86901F78ED0A00A356D2 /* Frameworks */ = {
			isa = PBXFrameworksBuildPhase;
			buildActionMask = 2147483647;
			files = (
			);
			runOnlyForDeploymentPostprocessing = 0;
		};
		C05A869B1F78ED0A00A356D2 /* Frameworks */ = {
			isa = PBXFrameworksBuildPhase;
			buildActionMask = 2147483647;
			files = (
			);
			runOnlyForDeploymentPostprocessing = 0;
		};
/* End PBXFrameworksBuildPhase section */

/* Begin PBXGroup section */
		C05A86761F78ED0900A356D2 = {
			isa = PBXGroup;
			children = (
				C05A86811F78ED0900A356D2 /* NimberBringer */,
				C05A86961F78ED0A00A356D2 /* NimberBringerTests */,
				C05A86A11F78ED0A00A356D2 /* NimberBringerUITests */,
				C05A86801F78ED0900A356D2 /* Products */,
			);
			sourceTree = "<group>";
		};
		C05A86801F78ED0900A356D2 /* Products */ = {
			isa = PBXGroup;
			children = (
				C05A867F1F78ED0900A356D2 /* NimberBringer.app */,
				C05A86931F78ED0A00A356D2 /* NimberBringerTests.xctest */,
				C05A869E1F78ED0A00A356D2 /* NimberBringerUITests.xctest */,
			);
			name = Products;
			sourceTree = "<group>";
		};
		C05A86811F78ED0900A356D2 /* NimberBringer */ = {
			isa = PBXGroup;
			children = (
				C05A86821F78ED0900A356D2 /* AppDelegate.swift */,
				C05A86841F78ED0900A356D2 /* ViewController.swift */,
				C05A86861F78ED0900A356D2 /* Main.storyboard */,
				C05A86891F78ED0900A356D2 /* Assets.xcassets */,
				C05A868B1F78ED0900A356D2 /* LaunchScreen.storyboard */,
				C05A868E1F78ED0900A356D2 /* Info.plist */,
			);
			path = NimberBringer;
			sourceTree = "<group>";
		};
		C05A86961F78ED0A00A356D2 /* NimberBringerTests */ = {
			isa = PBXGroup;
			children = (
				C05A86971F78ED0A00A356D2 /* NimberBringerTests.swift */,
				C05A86991F78ED0A00A356D2 /* Info.plist */,
			);
			path = NimberBringerTests;
			sourceTree = "<group>";
		};
		C05A86A11F78ED0A00A356D2 /* NimberBringerUITests */ = {
			isa = PBXGroup;
			children = (
				C05A86A21F78ED0A00A356D2 /* NimberBringerUITests.swift */,
				C05A86A41F78ED0A00A356D2 /* Info.plist */,
			);
			path = NimberBringerUITests;
			sourceTree = "<group>";
		};
/* End PBXGroup section */

/* Begin PBXNativeTarget section */
		C05A867E1F78ED0900A356D2 /* NimberBringer */ = {
			isa = PBXNativeTarget;
			buildConfigurationList = C05A86A71F78ED0A00A356D2 /* Build configuration list for PBXNativeTarget "NimberBringer" */;
			buildPhases = (
				C05A867B1F78ED0900A356D2 /* Sources */,
				C05A867C1F78ED0900A356D2 /* Frameworks */,
				C05A867D1F78ED0900A356D2 /* Resources */,
			);
			buildRules = (
			);
			dependencies = (
			);
			name = NimberBringer;
			productName = NimberBringer;
			productReference = C05A867F1F78ED0900A356D2 /* NimberBringer.app */;
			productType = "com.apple.product-type.application";
		};
		C05A86921F78ED0A00A356D2 /* NimberBringerTests */ = {
			isa = PBXNativeTarget;
			buildConfigurationList = C05A86AA1F78ED0A00A356D2 /* Build configuration list for PBXNativeTarget "NimberBringerTests" */;
			buildPhases = (
				C05A868F1F78ED0A00A356D2 /* Sources */,
				C05A86901F78ED0A00A356D2 /* Frameworks */,
				C05A86911F78ED0A00A356D2 /* Resources */,
			);
			buildRules = (
			);
			dependencies = (
				C05A86951F78ED0A00A356D2 /* PBXTargetDependency */,
			);
			name = NimberBringerTests;
			productName = NimberBringerTests;
			productReference = C05A86931F78ED0A00A356D2 /* NimberBringerTests.xctest */;
			productType = "com.apple.product-type.bundle.unit-test";
		};
		C05A869D1F78ED0A00A356D2 /* NimberBringerUITests */ = {
			isa = PBXNativeTarget;
			buildConfigurationList = C05A86AD1F78ED0A00A356D2 /* Build configuration list for PBXNativeTarget "NimberBringerUITests" */;
			buildPhases = (
				C05A869A1F78ED0A00A356D2 /* Sources */,
				C05A869B1F78ED0A00A356D2 /* Frameworks */,
				C05A869C1F78ED0A00A356D2 /* Resources */,
			);
			buildRules = (
			);
			dependencies = (
				C05A86A01F78ED0A00A356D2 /* PBXTargetDependency */,
			);
			name = NimberBringerUITests;
			productName = NimberBringerUITests;
			productReference = C05A869E1F78ED0A00A356D2 /* NimberBringerUITests.xctest */;
			productType = "com.apple.product-type.bundle.ui-testing";
		};
/* End PBXNativeTarget section */

/* Begin PBXProject section */
		C05A86771F78ED0900A356D2 /* Project object */ = {
			isa = PBXProject;
			attributes = {
				LastSwiftUpdateCheck = 0900;
				LastUpgradeCheck = 0900;
				ORGANIZATIONNAME = "Gabriel Panagiotidis";
				TargetAttributes = {
					C05A867E1F78ED0900A356D2 = {
						CreatedOnToolsVersion = 9.0;
						ProvisioningStyle = Automatic;
					};
					C05A86921F78ED0A00A356D2 = {
						CreatedOnToolsVersion = 9.0;
						ProvisioningStyle = Automatic;
						TestTargetID = C05A867E1F78ED0900A356D2;
					};
					C05A869D1F78ED0A00A356D2 = {
						CreatedOnToolsVersion = 9.0;
						ProvisioningStyle = Automatic;
						TestTargetID = C05A867E1F78ED0900A356D2;
					};
				};
			};
			buildConfigurationList = C05A867A1F78ED0900A356D2 /* Build configuration list for PBXProject "NimberBringer" */;
			compatibilityVersion = "Xcode 8.0";
			developmentRegion = en;
			hasScannedForEncodings = 0;
			knownRegions = (
				en,
				Base,
			);
			mainGroup = C05A86761F78ED0900A356D2;
			productRefGroup = C05A86801F78ED0900A356D2 /* Products */;
			projectDirPath = "";
			projectRoot = "";
			targets = (
				C05A867E1F78ED0900A356D2 /* NimberBringer */,
				C05A86921F78ED0A00A356D2 /* NimberBringerTests */,
				C05A869D1F78ED0A00A356D2 /* NimberBringerUITests */,
			);
		};
/* End PBXProject section */

/* Begin PBXResourcesBuildPhase section */
		C05A867D1F78ED0900A356D2 /* Resources */ = {
			isa = PBXResourcesBuildPhase;
			buildActionMask = 2147483647;
			files = (
				C05A868D1F78ED0900A356D2 /* LaunchScreen.storyboard in Resources */,
				C05A868A1F78ED0900A356D2 /* Assets.xcassets in Resources */,
				C05A86881F78ED0900A356D2 /* Main.storyboard in Resources */,
			);
			runOnlyForDeploymentPostprocessing = 0;
		};
		C05A86911F78ED0A00A356D2 /* Resources */ = {
			isa = PBXResourcesBuildPhase;
			buildActionMask = 2147483647;
			files = (
			);
			runOnlyForDeploymentPostprocessing = 0;
		};
		C05A869C1F78ED0A00A356D2 /* Resources */ = {
			isa = PBXResourcesBuildPhase;
			buildActionMask = 2147483647;
			files = (
			);
			runOnlyForDeploymentPostprocessing = 0;
		};
/* End PBXResourcesBuildPhase section */

/* Begin PBXSourcesBuildPhase section */
		C05A867B1F78ED0900A356D2 /* Sources */ = {
			isa = PBXSourcesBuildPhase;
			buildActionMask = 2147483647;
			files = (
				C05A86851F78ED0900A356D2 /* ViewController.swift in Sources */,
				C05A86831F78ED0900A356D2 /* AppDelegate.swift in Sources */,
			);
			runOnlyForDeploymentPostprocessing = 0;
		};
		C05A868F1F78ED0A00A356D2 /* Sources */ = {
			isa = PBXSourcesBuildPhase;
			buildActionMask = 2147483647;
			files = (
				C05A86981F78ED0A00A356D2 /* NimberBringerTests.swift in Sources */,
			);
			runOnlyForDeploymentPostprocessing = 0;
		};
		C05A869A1F78ED0A00A356D2 /* Sources */ = {
			isa = PBXSourcesBuildPhase;
			buildActionMask = 2147483647;
			files = (
				C05A86A31F78ED0A00A356D2 /* NimberBringerUITests.swift in Sources */,
			);
			runOnlyForDeploymentPostprocessing = 0;
		};
/* End PBXSourcesBuildPhase section */

/* Begin PBXTargetDependency section */
		C05A86951F78ED0A00A356D2 /* PBXTargetDependency */ = {
			isa = PBXTargetDependency;
			target = C05A867E1F78ED0900A356D2 /* NimberBringer */;
			targetProxy = C05A86941F78ED0A00A356D2 /* PBXContainerItemProxy */;
		};
		C05A86A01F78ED0A00A356D2 /* PBXTargetDependency */ = {
			isa = PBXTargetDependency;
			target = C05A867E1F78ED0900A356D2 /* NimberBringer */;
			targetProxy = C05A869F1F78ED0A00A356D2 /* PBXContainerItemProxy */;
		};
/* End PBXTargetDependency section */

/* Begin PBXVariantGroup section */
		C05A86861F78ED0900A356D2 /* Main.storyboard */ = {
			isa = PBXVariantGroup;
			children = (
				C05A86871F78ED0900A356D2 /* Base */,
			);
			name = Main.storyboard;
			sourceTree = "<group>";
		};
		C05A868B1F78ED0900A356D2 /* LaunchScreen.storyboard */ = {
			isa = PBXVariantGroup;
			children = (
				C05A868C1F78ED0900A356D2 /* Base */,
			);
			name = LaunchScreen.storyboard;
			sourceTree = "<group>";
		};
/* End PBXVariantGroup section */

/* Begin XCBuildConfiguration section */
		C05A86A51F78ED0A00A356D2 /* Debug */ = {
			isa = XCBuildConfiguration;
			buildSettings = {
				ALWAYS_SEARCH_USER_PATHS = NO;
				CLANG_ANALYZER_NONNULL = YES;
				CLANG_ANALYZER_NUMBER_OBJECT_CONVERSION = YES_AGGRESSIVE;
				CLANG_CXX_LANGUAGE_STANDARD = "gnu++14";
				CLANG_CXX_LIBRARY = "libc++";
				CLANG_ENABLE_MODULES = YES;
				CLANG_ENABLE_OBJC_ARC = YES;
				CLANG_WARN_BLOCK_CAPTURE_AUTORELEASING = YES;
				CLANG_WARN_BOOL_CONVERSION = YES;
				CLANG_WARN_COMMA = YES;
				CLANG_WARN_CONSTANT_CONVERSION = YES;
				CLANG_WARN_DIRECT_OBJC_ISA_USAGE = YES_ERROR;
				CLANG_WARN_DOCUMENTATION_COMMENTS = YES;
				CLANG_WARN_EMPTY_BODY = YES;
				CLANG_WARN_ENUM_CONVERSION = YES;
				CLANG_WARN_INFINITE_RECURSION = YES;
				CLANG_WARN_INT_CONVERSION = YES;
				CLANG_WARN_NON_LITERAL_NULL_CONVERSION = YES;
				CLANG_WARN_OBJC_LITERAL_CONVERSION = YES;
				CLANG_WARN_OBJC_ROOT_CLASS = YES_ERROR;
				CLANG_WARN_RANGE_LOOP_ANALYSIS = YES;
				CLANG_WARN_STRICT_PROTOTYPES = YES;
				CLANG_WARN_SUSPICIOUS_MOVE = YES;
				CLANG_WARN_UNGUARDED_AVAILABILITY = YES_AGGRESSIVE;
				CLANG_WARN_UNREACHABLE_CODE = YES;
				CLANG_WARN__DUPLICATE_METHOD_MATCH = YES;
				CODE_SIGN_IDENTITY = "iPhone Developer";
				COPY_PHASE_STRIP = NO;
				DEBUG_INFORMATION_FORMAT = dwarf;
				ENABLE_STRICT_OBJC_MSGSEND = YES;
				ENABLE_TESTABILITY = YES;
				GCC_C_LANGUAGE_STANDARD = gnu11;
				GCC_DYNAMIC_NO_PIC = NO;
				GCC_NO_COMMON_BLOCKS = YES;
				GCC_OPTIMIZATION_LEVEL = 0;
				GCC_PREPROCESSOR_DEFINITIONS = (
					"DEBUG=1",
					"$(inherited)",
				);
				GCC_WARN_64_TO_32_BIT_CONVERSION = YES;
				GCC_WARN_ABOUT_RETURN_TYPE = YES_ERROR;
				GCC_WARN_UNDECLARED_SELECTOR = YES;
				GCC_WARN_UNINITIALIZED_AUTOS = YES_AGGRESSIVE;
				GCC_WARN_UNUSED_FUNCTION = YES;
				GCC_WARN_UNUSED_VARIABLE = YES;
				IPHONEOS_DEPLOYMENT_TARGET = 11.0;
				MTL_ENABLE_DEBUG_INFO = YES;
				ONLY_ACTIVE_ARCH = YES;
				SDKROOT = iphoneos;
				SWIFT_ACTIVE_COMPILATION_CONDITIONS = DEBUG;
				SWIFT_OPTIMIZATION_LEVEL = "-Onone";
			};
			name = Debug;
		};
		C05A86A61F78ED0A00A356D2 /* Release */ = {
			isa = XCBuildConfiguration;
			buildSettings = {
				ALWAYS_SEARCH_USER_PATHS = NO;
				CLANG_ANALYZER_NONNULL = YES;
				CLANG_ANALYZER_NUMBER_OBJECT_CONVERSION = YES_AGGRESSIVE;
				CLANG_CXX_LANGUAGE_STANDARD = "gnu++14";
				CLANG_CXX_LIBRARY = "libc++";
				CLANG_ENABLE_MODULES = YES;
				CLANG_ENABLE_OBJC_ARC = YES;
				CLANG_WARN_BLOCK_CAPTURE_AUTORELEASING = YES;
				CLANG_WARN_BOOL_CONVERSION = YES;
				CLANG_WARN_COMMA = YES;
				CLANG_WARN_CONSTANT_CONVERSION = YES;
				CLANG_WARN_DIRECT_OBJC_ISA_USAGE = YES_ERROR;
				CLANG_WARN_DOCUMENTATION_COMMENTS = YES;
				CLANG_WARN_EMPTY_BODY = YES;
				CLANG_WARN_ENUM_CONVERSION = YES;
				CLANG_WARN_INFINITE_RECURSION = YES;
				CLANG_WARN_INT_CONVERSION = YES;
				CLANG_WARN_NON_LITERAL_NULL_CONVERSION = YES;
				CLANG_WARN_OBJC_LITERAL_CONVERSION = YES;
				CLANG_WARN_OBJC_ROOT_CLASS = YES_ERROR;
				CLANG_WARN_RANGE_LOOP_ANALYSIS = YES;
				CLANG_WARN_STRICT_PROTOTYPES = YES;
				CLANG_WARN_SUSPICIOUS_MOVE = YES;
				CLANG_WARN_UNGUARDED_AVAILABILITY = YES_AGGRESSIVE;
				CLANG_WARN_UNREACHABLE_CODE = YES;
				CLANG_WARN__DUPLICATE_METHOD_MATCH = YES;
				CODE_SIGN_IDENTITY = "iPhone Developer";
				COPY_PHASE_STRIP = NO;
				DEBUG_INFORMATION_FORMAT = "dwarf-with-dsym";
				ENABLE_NS_ASSERTIONS = NO;
				ENABLE_STRICT_OBJC_MSGSEND = YES;
				GCC_C_LANGUAGE_STANDARD = gnu11;
				GCC_NO_COMMON_BLOCKS = YES;
				GCC_WARN_64_TO_32_BIT_CONVERSION = YES;
				GCC_WARN_ABOUT_RETURN_TYPE = YES_ERROR;
				GCC_WARN_UNDECLARED_SELECTOR = YES;
				GCC_WARN_UNINITIALIZED_AUTOS = YES_AGGRESSIVE;
				GCC_WARN_UNUSED_FUNCTION = YES;
				GCC_WARN_UNUSED_VARIABLE = YES;
				IPHONEOS_DEPLOYMENT_TARGET = 11.0;
				MTL_ENABLE_DEBUG_INFO = NO;
				SDKROOT = iphoneos;
				SWIFT_OPTIMIZATION_LEVEL = "-Owholemodule";
				VALIDATE_PRODUCT = YES;
			};
			name = Release;
		};
		C05A86A81F78ED0A00A356D2 /* Debug */ = {
			isa = XCBuildConfiguration;
			buildSettings = {
				ASSETCATALOG_COMPILER_APPICON_NAME = AppIcon;
				CODE_SIGN_STYLE = Automatic;
				DEVELOPMENT_TEAM = 33W765833Y;
				INFOPLIST_FILE = NimberBringer/Info.plist;
				LD_RUNPATH_SEARCH_PATHS = "$(inherited) @executable_path/Frameworks";
				PRODUCT_BUNDLE_IDENTIFIER = com.nimber.www.NimberBringer;
				PRODUCT_NAME = "$(TARGET_NAME)";
				SWIFT_VERSION = 4.0;
				TARGETED_DEVICE_FAMILY = "1,2";
			};
			name = Debug;
		};
		C05A86A91F78ED0A00A356D2 /* Release */ = {
			isa = XCBuildConfiguration;
			buildSettings = {
				ASSETCATALOG_COMPILER_APPICON_NAME = AppIcon;
				CODE_SIGN_STYLE = Automatic;
				DEVELOPMENT_TEAM = 33W765833Y;
				INFOPLIST_FILE = NimberBringer/Info.plist;
				LD_RUNPATH_SEARCH_PATHS = "$(inherited) @executable_path/Frameworks";
				PRODUCT_BUNDLE_IDENTIFIER = com.nimber.www.NimberBringer;
				PRODUCT_NAME = "$(TARGET_NAME)";
				SWIFT_VERSION = 4.0;
				TARGETED_DEVICE_FAMILY = "1,2";
			};
			name = Release;
		};
		C05A86AB1F78ED0A00A356D2 /* Debug */ = {
			isa = XCBuildConfiguration;
			buildSettings = {
				ALWAYS_EMBED_SWIFT_STANDARD_LIBRARIES = YES;
				BUNDLE_LOADER = "$(TEST_HOST)";
				CODE_SIGN_STYLE = Automatic;
				DEVELOPMENT_TEAM = 33W765833Y;
				INFOPLIST_FILE = NimberBringerTests/Info.plist;
				LD_RUNPATH_SEARCH_PATHS = "$(inherited) @executable_path/Frameworks @loader_path/Frameworks";
				PRODUCT_BUNDLE_IDENTIFIER = com.nimber.www.NimberBringerTests;
				PRODUCT_NAME = "$(TARGET_NAME)";
				SWIFT_VERSION = 4.0;
				TARGETED_DEVICE_FAMILY = "1,2";
				TEST_HOST = "$(BUILT_PRODUCTS_DIR)/NimberBringer.app/NimberBringer";
			};
			name = Debug;
		};
		C05A86AC1F78ED0A00A356D2 /* Release */ = {
			isa = XCBuildConfiguration;
			buildSettings = {
				ALWAYS_EMBED_SWIFT_STANDARD_LIBRARIES = YES;
				BUNDLE_LOADER = "$(TEST_HOST)";
				CODE_SIGN_STYLE = Automatic;
				DEVELOPMENT_TEAM = 33W765833Y;
				INFOPLIST_FILE = NimberBringerTests/Info.plist;
				LD_RUNPATH_SEARCH_PATHS = "$(inherited) @executable_path/Frameworks @loader_path/Frameworks";
				PRODUCT_BUNDLE_IDENTIFIER = com.nimber.www.NimberBringerTests;
				PRODUCT_NAME = "$(TARGET_NAME)";
				SWIFT_VERSION = 4.0;
				TARGETED_DEVICE_FAMILY = "1,2";
				TEST_HOST = "$(BUILT_PRODUCTS_DIR)/NimberBringer.app/NimberBringer";
			};
			name = Release;
		};
		C05A86AE1F78ED0A00A356D2 /* Debug */ = {
			isa = XCBuildConfiguration;
			buildSettings = {
				ALWAYS_EMBED_SWIFT_STANDARD_LIBRARIES = YES;
				CODE_SIGN_STYLE = Automatic;
				DEVELOPMENT_TEAM = 33W765833Y;
				INFOPLIST_FILE = NimberBringerUITests/Info.plist;
				LD_RUNPATH_SEARCH_PATHS = "$(inherited) @executable_path/Frameworks @loader_path/Frameworks";
				PRODUCT_BUNDLE_IDENTIFIER = com.nimber.www.NimberBringerUITests;
				PRODUCT_NAME = "$(TARGET_NAME)";
				SWIFT_VERSION = 4.0;
				TARGETED_DEVICE_FAMILY = "1,2";
				TEST_TARGET_NAME = NimberBringer;
			};
			name = Debug;
		};
		C05A86AF1F78ED0A00A356D2 /* Release */ = {
			isa = XCBuildConfiguration;
			buildSettings = {
				ALWAYS_EMBED_SWIFT_STANDARD_LIBRARIES = YES;
				CODE_SIGN_STYLE = Automatic;
				DEVELOPMENT_TEAM = 33W765833Y;
				INFOPLIST_FILE = NimberBringerUITests/Info.plist;
				LD_RUNPATH_SEARCH_PATHS = "$(inherited) @executable_path/Frameworks @loader_path/Frameworks";
				PRODUCT_BUNDLE_IDENTIFIER = com.nimber.www.NimberBringerUITests;
				PRODUCT_NAME = "$(TARGET_NAME)";
				SWIFT_VERSION = 4.0;
				TARGETED_DEVICE_FAMILY = "1,2";
				TEST_TARGET_NAME = NimberBringer;
			};
			name = Release;
		};
/* End XCBuildConfiguration section */

/* Begin XCConfigurationList section */
		C05A867A1F78ED0900A356D2 /* Build configuration list for PBXProject "NimberBringer" */ = {
			isa = XCConfigurationList;
			buildConfigurations = (
				C05A86A51F78ED0A00A356D2 /* Debug */,
				C05A86A61F78ED0A00A356D2 /* Release */,
			);
			defaultConfigurationIsVisible = 0;
			defaultConfigurationName = Release;
		};
		C05A86A71F78ED0A00A356D2 /* Build configuration list for PBXNativeTarget "NimberBringer" */ = {
			isa = XCConfigurationList;
			buildConfigurations = (
				C05A86A81F78ED0A00A356D2 /* Debug */,
				C05A86A91F78ED0A00A356D2 /* Release */,
			);
			defaultConfigurationIsVisible = 0;
			defaultConfigurationName = Release;
		};
		C05A86AA1F78ED0A00A356D2 /* Build configuration list for PBXNativeTarget "NimberBringerTests" */ = {
			isa = XCConfigurationList;
			buildConfigurations = (
				C05A86AB1F78ED0A00A356D2 /* Debug */,
				C05A86AC1F78ED0A00A356D2 /* Release */,
			);
			defaultConfigurationIsVisible = 0;
			defaultConfigurationName = Release;
		};
		C05A86AD1F78ED0A00A356D2 /* Build configuration list for PBXNativeTarget "NimberBringerUITests" */ = {
			isa = XCConfigurationList;
			buildConfigurations = (
				C05A86AE1F78ED0A00A356D2 /* Debug */,
				C05A86AF1F78ED0A00A356D2 /* Release */,
			);
			defaultConfigurationIsVisible = 0;
			defaultConfigurationName = Release;
		};
/* End XCConfigurationList section */
	};
	rootObject = C05A86771F78ED0900A356D2 /* Project object */;
}
